
Microsoft Visual Studio Solution File, Format Version 11.00
# Visual Studio 2010
Project("{FAE04EC0-301F-11D3-BF4B-00C04F79EFBC}") = "InfiniteLayer", "InfiniteLayer\InfiniteLayer\InfiniteLayer.csproj", "{01B626E1-6348-45C0-8A1C-6D16332A3F49}"
EndProject
Project("{96E2B04D-8817-42C6-938A-82C39BA4D311}") = "InfiniteLayerContent", "InfiniteLayer\InfiniteLayerContent\InfiniteLayerContent.contentproj", "{C4085EA4-DC7A-4C27-8594-45DE47679328}"
EndProject
Global
	GlobalSection(SolutionConfigurationPlatforms) = preSolution
		Debug|x86 = Debug|x86
		Release|x86 = Release|x86
	EndGlobalSection
	GlobalSection(ProjectConfigurationPlatforms) = postSolution
		{01B626E1-6348-45C0-8A1C-6D16332A3F49}.Debug|x86.ActiveCfg = Debug|x86
		{01B626E1-6348-45C0-8A1C-6D16332A3F49}.Debug|x86.Build.0 = Debug|x86
		{01B626E1-6348-45C0-8A1C-6D16332A3F49}.Release|x86.ActiveCfg = Release|x86
		{01B626E1-6348-45C0-8A1C-6D16332A3F49}.Release|x86.Build.0 = Release|x86
		{C4085EA4-DC7A-4C27-8594-45DE47679328}.Debug|x86.ActiveCfg = Debug|x86
		{C4085EA4-DC7A-4C27-8594-45DE47679328}.Release|x86.ActiveCfg = Release|x86
	EndGlobalSection
	GlobalSection(SolutionProperties) = preSolution
		HideSolutionNode = FALSE
	EndGlobalSection
EndGlobal
